
Microsoft Visual Studio Solution File, Format Version 12.00
# Visual Studio Version 17
VisualStudioVersion = 17.4.33213.308
MinimumVisualStudioVersion = 10.0.40219.1
Project("{FAE04EC0-301F-11D3-BF4B-00C04F79EFBC}") = "Practica1_SLE.Android", "Practica1_SLE.Android\Practica1_SLE.Android.csproj", "{7887C578-5F45-4C2C-94EA-2B558EBB6004}"
EndProject
Project("{FAE04EC0-301F-11D3-BF4B-00C04F79EFBC}") = "Practica1_SLE.iOS", "Practica1_SLE.iOS\Practica1_SLE.iOS.csproj", "{686C9AD5-AE95-467B-B999-CEAE88A8BE9C}"
EndProject
Project("{FAE04EC0-301F-11D3-BF4B-00C04F79EFBC}") = "Practica1_SLE", "Practica1_SLE\Practica1_SLE.csproj", "{68D178BD-41F0-4C32-B614-35576AA0C31A}"
EndProject
Global
	GlobalSection(SolutionConfigurationPlatforms) = preSolution
		Debug|Any CPU = Debug|Any CPU
		Debug|iPhone = Debug|iPhone
		Debug|iPhoneSimulator = Debug|iPhoneSimulator
		Release|Any CPU = Release|Any CPU
		Release|iPhone = Release|iPhone
		Release|iPhoneSimulator = Release|iPhoneSimulator
	EndGlobalSection
	GlobalSection(ProjectConfigurationPlatforms) = postSolution
		{7887C578-5F45-4C2C-94EA-2B558EBB6004}.Debug|Any CPU.ActiveCfg = Debug|Any CPU
		{7887C578-5F45-4C2C-94EA-2B558EBB6004}.Debug|Any CPU.Build.0 = Debug|Any CPU
		{7887C578-5F45-4C2C-94EA-2B558EBB6004}.Debug|Any CPU.Deploy.0 = Debug|Any CPU
		{7887C578-5F45-4C2C-94EA-2B558EBB6004}.Debug|iPhone.ActiveCfg = Debug|Any CPU
		{7887C578-5F45-4C2C-94EA-2B558EBB6004}.Debug|iPhone.Build.0 = Debug|Any CPU
		{7887C578-5F45-4C2C-94EA-2B558EBB6004}.Debug|iPhone.Deploy.0 = Debug|Any CPU
		{7887C578-5F45-4C2C-94EA-2B558EBB6004}.Debug|iPhoneSimulator.ActiveCfg = Debug|Any CPU
		{7887C578-5F45-4C2C-94EA-2B558EBB6004}.Debug|iPhoneSimulator.Build.0 = Debug|Any CPU
		{7887C578-5F45-4C2C-94EA-2B558EBB6004}.Debug|iPhoneSimulator.Deploy.0 = Debug|Any CPU
		{7887C578-5F45-4C2C-94EA-2B558EBB6004}.Release|Any CPU.ActiveCfg = Release|Any CPU
		{7887C578-5F45-4C2C-94EA-2B558EBB6004}.Release|Any CPU.Build.0 = Release|Any CPU
		{7887C578-5F45-4C2C-94EA-2B558EBB6004}.Release|Any CPU.Deploy.0 = Release|Any CPU
		{7887C578-5F45-4C2C-94EA-2B558EBB6004}.Release|iPhone.ActiveCfg = Release|Any CPU
		{7887C578-5F45-4C2C-94EA-2B558EBB6004}.Release|iPhone.Build.0 = Release|Any CPU
		{7887C578-5F45-4C2C-94EA-2B558EBB6004}.Release|iPhone.Deploy.0 = Release|Any CPU
		{7887C578-5F45-4C2C-94EA-2B558EBB6004}.Release|iPhoneSimulator.ActiveCfg = Release|Any CPU
		{7887C578-5F45-4C2C-94EA-2B558EBB6004}.Release|iPhoneSimulator.Build.0 = Release|Any CPU
		{7887C578-5F45-4C2C-94EA-2B558EBB6004}.Release|iPhoneSimulator.Deploy.0 = Release|Any CPU
		{686C9AD5-AE95-467B-B999-CEAE88A8BE9C}.Debug|Any CPU.ActiveCfg = Debug|iPhone
		{686C9AD5-AE95-467B-B999-CEAE88A8BE9C}.Debug|Any CPU.Build.0 = Debug|iPhone
		{686C9AD5-AE95-467B-B999-CEAE88A8BE9C}.Debug|Any CPU.Deploy.0 = Debug|iPhone
		{686C9AD5-AE95-467B-B999-CEAE88A8BE9C}.Debug|iPhone.ActiveCfg = Debug|iPhone
		{686C9AD5-AE95-467B-B999-CEAE88A8BE9C}.Debug|iPhone.Build.0 = Debug|iPhone
		{686C9AD5-AE95-467B-B999-CEAE88A8BE9C}.Debug|iPhone.Deploy.0 = Debug|iPhone
		{686C9AD5-AE95-467B-B999-CEAE88A8BE9C}.Debug|iPhoneSimulator.ActiveCfg = Debug|iPhoneSimulator
		{686C9AD5-AE95-467B-B999-CEAE88A8BE9C}.Debug|iPhoneSimulator.Build.0 = Debug|iPhoneSimulator
		{686C9AD5-AE95-467B-B999-CEAE88A8BE9C}.Debug|iPhoneSimulator.Deploy.0 = Debug|iPhoneSimulator
		{686C9AD5-AE95-467B-B999-CEAE88A8BE9C}.Release|Any CPU.ActiveCfg = Release|iPhoneSimulator
		{686C9AD5-AE95-467B-B999-CEAE88A8BE9C}.Release|Any CPU.Build.0 = Release|iPhoneSimulator
		{686C9AD5-AE95-467B-B999-CEAE88A8BE9C}.Release|Any CPU.Deploy.0 = Release|iPhoneSimulator
		{686C9AD5-AE95-467B-B999-CEAE88A8BE9C}.Release|iPhone.ActiveCfg = Release|iPhone
		{686C9AD5-AE95-467B-B999-CEAE88A8BE9C}.Release|iPhone.Build.0 = Release|iPhone
		{686C9AD5-AE95-467B-B999-CEAE88A8BE9C}.Release|iPhone.Deploy.0 = Release|iPhone
		{686C9AD5-AE95-467B-B999-CEAE88A8BE9C}.Release|iPhoneSimulator.ActiveCfg = Release|iPhoneSimulator
		{686C9AD5-AE95-467B-B999-CEAE88A8BE9C}.Release|iPhoneSimulator.Build.0 = Release|iPhoneSimulator
		{686C9AD5-AE95-467B-B999-CEAE88A8BE9C}.Release|iPhoneSimulator.Deploy.0 = Release|iPhoneSimulator
		{68D178BD-41F0-4C32-B614-35576AA0C31A}.Debug|Any CPU.ActiveCfg = Debug|Any CPU
		{68D178BD-41F0-4C32-B614-35576AA0C31A}.Debug|Any CPU.Build.0 = Debug|Any CPU
		{68D178BD-41F0-4C32-B614-35576AA0C31A}.Debug|Any CPU.Deploy.0 = Debug|Any CPU
		{68D178BD-41F0-4C32-B614-35576AA0C31A}.Debug|iPhone.ActiveCfg = Debug|Any CPU
		{68D178BD-41F0-4C32-B614-35576AA0C31A}.Debug|iPhone.Build.0 = Debug|Any CPU
		{68D178BD-41F0-4C32-B614-35576AA0C31A}.Debug|iPhone.Deploy.0 = Debug|Any CPU
		{68D178BD-41F0-4C32-B614-35576AA0C31A}.Debug|iPhoneSimulator.ActiveCfg = Debug|Any CPU
		{68D178BD-41F0-4C32-B614-35576AA0C31A}.Debug|iPhoneSimulator.Build.0 = Debug|Any CPU
		{68D178BD-41F0-4C32-B614-35576AA0C31A}.Debug|iPhoneSimulator.Deploy.0 = Debug|Any CPU
		{68D178BD-41F0-4C32-B614-35576AA0C31A}.Release|Any CPU.ActiveCfg = Release|Any CPU
		{68D178BD-41F0-4C32-B614-35576AA0C31A}.Release|Any CPU.Build.0 = Release|Any CPU
		{68D178BD-41F0-4C32-B614-35576AA0C31A}.Release|Any CPU.Deploy.0 = Release|Any CPU
		{68D178BD-41F0-4C32-B614-35576AA0C31A}.Release|iPhone.ActiveCfg = Release|Any CPU
		{68D178BD-41F0-4C32-B614-35576AA0C31A}.Release|iPhone.Build.0 = Release|Any CPU
		{68D178BD-41F0-4C32-B614-35576AA0C31A}.Release|iPhone.Deploy.0 = Release|Any CPU
		{68D178BD-41F0-4C32-B614-35576AA0C31A}.Release|iPhoneSimulator.ActiveCfg = Release|Any CPU
		{68D178BD-41F0-4C32-B614-35576AA0C31A}.Release|iPhoneSimulator.Build.0 = Release|Any CPU
		{68D178BD-41F0-4C32-B614-35576AA0C31A}.Release|iPhoneSimulator.Deploy.0 = Release|Any CPU
	EndGlobalSection
	GlobalSection(SolutionProperties) = preSolution
		HideSolutionNode = FALSE
	EndGlobalSection
	GlobalSection(ExtensibilityGlobals) = postSolution
		SolutionGuid = {7FE550F3-C810-43DA-B238-AC7115FA3A4E}
	EndGlobalSection
EndGlobal
